// !$*UTF8*$!
{
	archiveVersion = 1;
	classes = {
	};
	objectVersion = 50;
	objects = {

/* Begin PBXBuildFile section */
		EC0871C221AD1141001563AF /* AppDelegate.swift in Sources */ = {isa = PBXBuildFile; fileRef = EC0871C121AD1141001563AF /* AppDelegate.swift */; };
		EC0871C721AD1141001563AF /* Main.storyboard in Resources */ = {isa = PBXBuildFile; fileRef = EC0871C521AD1141001563AF /* Main.storyboard */; };
		EC0871C921AD1142001563AF /* Assets.xcassets in Resources */ = {isa = PBXBuildFile; fileRef = EC0871C821AD1142001563AF /* Assets.xcassets */; };
		EC0871CC21AD1142001563AF /* LaunchScreen.storyboard in Resources */ = {isa = PBXBuildFile; fileRef = EC0871CA21AD1142001563AF /* LaunchScreen.storyboard */; };
		EC0BA14821AE37FF00CF6D9D /* LearnMoreViewController.swift in Sources */ = {isa = PBXBuildFile; fileRef = EC0BA14721AE37FF00CF6D9D /* LearnMoreViewController.swift */; };
		EC0BA14A21AE7C5C00CF6D9D /* AsunBasicAttributes.swift in Sources */ = {isa = PBXBuildFile; fileRef = EC0BA14921AE7C5C00CF6D9D /* AsunBasicAttributes.swift */; };
		EC0BA14C21AE7C9000CF6D9D /* CodeView.swift in Sources */ = {isa = PBXBuildFile; fileRef = EC0BA14B21AE7C9000CF6D9D /* CodeView.swift */; };
		EC0BA14E21AE7D3900CF6D9D /* eConsentViewController.swift in Sources */ = {isa = PBXBuildFile; fileRef = EC0BA14D21AE7D3900CF6D9D /* eConsentViewController.swift */; };
		EC0BA15021AE95B400CF6D9D /* ClinicalStudentsViewController.swift in Sources */ = {isa = PBXBuildFile; fileRef = EC0BA14F21AE95B400CF6D9D /* ClinicalStudentsViewController.swift */; };
		EC0C2F9421AF829000D71C06 /* CumstomItemCell.swift in Sources */ = {isa = PBXBuildFile; fileRef = EC0C2F9321AF829000D71C06 /* CumstomItemCell.swift */; };
		EC0C2F9921B0DF1C00D71C06 /* FoodRecommendationViewController.swift in Sources */ = {isa = PBXBuildFile; fileRef = EC0C2F9821B0DF1C00D71C06 /* FoodRecommendationViewController.swift */; };
		EC0C2F9D21B0EC4700D71C06 /* ZMProgressView.m in Sources */ = {isa = PBXBuildFile; fileRef = EC0C2F9B21B0EC4700D71C06 /* ZMProgressView.m */; };
		ECFFA26221AD1B6700858740 /* QRScannerController.swift in Sources */ = {isa = PBXBuildFile; fileRef = ECFFA26121AD1B6700858740 /* QRScannerController.swift */; };
		ECFFA26421AD212500858740 /* ScanResultViewController.swift in Sources */ = {isa = PBXBuildFile; fileRef = ECFFA26321AD212500858740 /* ScanResultViewController.swift */; };
/* End PBXBuildFile section */

/* Begin PBXFileReference section */
		EC0871BE21AD1141001563AF /* QRcodePractice_3.app */ = {isa = PBXFileReference; explicitFileType = wrapper.application; includeInIndex = 0; path = QRcodePractice_3.app; sourceTree = BUILT_PRODUCTS_DIR; };
		EC0871C121AD1141001563AF /* AppDelegate.swift */ = {isa = PBXFileReference; lastKnownFileType = sourcecode.swift; path = AppDelegate.swift; sourceTree = "<group>"; };
		EC0871C621AD1141001563AF /* Base */ = {isa = PBXFileReference; lastKnownFileType = file.storyboard; name = Base; path = Base.lproj/Main.storyboard; sourceTree = "<group>"; };
		EC0871C821AD1142001563AF /* Assets.xcassets */ = {isa = PBXFileReference; lastKnownFileType = folder.assetcatalog; path = Assets.xcassets; sourceTree = "<group>"; };
		EC0871CB21AD1142001563AF /* Base */ = {isa = PBXFileReference; lastKnownFileType = file.storyboard; name = Base; path = Base.lproj/LaunchScreen.storyboard; sourceTree = "<group>"; };
		EC0871CD21AD1142001563AF /* Info.plist */ = {isa = PBXFileReference; lastKnownFileType = text.plist.xml; path = Info.plist; sourceTree = "<group>"; };
		EC0BA14721AE37FF00CF6D9D /* LearnMoreViewController.swift */ = {isa = PBXFileReference; lastKnownFileType = sourcecode.swift; path = LearnMoreViewController.swift; sourceTree = "<group>"; };
		EC0BA14921AE7C5C00CF6D9D /* AsunBasicAttributes.swift */ = {isa = PBXFileReference; lastKnownFileType = sourcecode.swift; path = AsunBasicAttributes.swift; sourceTree = "<group>"; };
		EC0BA14B21AE7C9000CF6D9D /* CodeView.swift */ = {isa = PBXFileReference; lastKnownFileType = sourcecode.swift; path = CodeView.swift; sourceTree = "<group>"; };
		EC0BA14D21AE7D3900CF6D9D /* eConsentViewController.swift */ = {isa = PBXFileReference; lastKnownFileType = sourcecode.swift; path = eConsentViewController.swift; sourceTree = "<group>"; };
		EC0BA14F21AE95B400CF6D9D /* ClinicalStudentsViewController.swift */ = {isa = PBXFileReference; lastKnownFileType = sourcecode.swift; path = ClinicalStudentsViewController.swift; sourceTree = "<group>"; };
		EC0C2F9321AF829000D71C06 /* CumstomItemCell.swift */ = {isa = PBXFileReference; lastKnownFileType = sourcecode.swift; path = CumstomItemCell.swift; sourceTree = "<group>"; };
		EC0C2F9821B0DF1C00D71C06 /* FoodRecommendationViewController.swift */ = {isa = PBXFileReference; lastKnownFileType = sourcecode.swift; path = FoodRecommendationViewController.swift; sourceTree = "<group>"; };
		EC0C2F9A21B0EC4600D71C06 /* QRcodePractice_3-Bridging-Header.h */ = {isa = PBXFileReference; lastKnownFileType = sourcecode.c.h; path = "QRcodePractice_3-Bridging-Header.h"; sourceTree = "<group>"; };
		EC0C2F9B21B0EC4700D71C06 /* ZMProgressView.m */ = {isa = PBXFileReference; fileEncoding = 4; lastKnownFileType = sourcecode.c.objc; path = ZMProgressView.m; sourceTree = "<group>"; };
		EC0C2F9C21B0EC4700D71C06 /* ZMProgressView.h */ = {isa = PBXFileReference; fileEncoding = 4; lastKnownFileType = sourcecode.c.h; path = ZMProgressView.h; sourceTree = "<group>"; };
		ECFFA26121AD1B6700858740 /* QRScannerController.swift */ = {isa = PBXFileReference; lastKnownFileType = sourcecode.swift; path = QRScannerController.swift; sourceTree = "<group>"; };
		ECFFA26321AD212500858740 /* ScanResultViewController.swift */ = {isa = PBXFileReference; lastKnownFileType = sourcecode.swift; path = ScanResultViewController.swift; sourceTree = "<group>"; };
/* End PBXFileReference section */

/* Begin PBXFrameworksBuildPhase section */
		EC0871BB21AD1141001563AF /* Frameworks */ = {
			isa = PBXFrameworksBuildPhase;
			buildActionMask = 2147483647;
			files = (
			);
			runOnlyForDeploymentPostprocessing = 0;
		};
/* End PBXFrameworksBuildPhase section */

/* Begin PBXGroup section */
		EC0871B521AD1141001563AF = {
			isa = PBXGroup;
			children = (
				EC0C2F9721B0D17A00D71C06 /* View */,
				ECFFA25E21AD1A4300858740 /* Model */,
				EC0871D421AD1190001563AF /* Supporting File */,
				EC0871C021AD1141001563AF /* QRcodePractice_3 */,
				EC0871BF21AD1141001563AF /* Products */,
			);
			sourceTree = "<group>";
		};
		EC0871BF21AD1141001563AF /* Products */ = {
			isa = PBXGroup;
			children = (
				EC0871BE21AD1141001563AF /* QRcodePractice_3.app */,
			);
			name = Products;
			sourceTree = "<group>";
		};
		EC0871C021AD1141001563AF /* QRcodePractice_3 */ = {
			isa = PBXGroup;
			children = (
				EC0871C521AD1141001563AF /* Main.storyboard */,
				EC0871CD21AD1142001563AF /* Info.plist */,
				ECFFA26321AD212500858740 /* ScanResultViewController.swift */,
				EC0BA14721AE37FF00CF6D9D /* LearnMoreViewController.swift */,
				EC0BA14921AE7C5C00CF6D9D /* AsunBasicAttributes.swift */,
				EC0BA14B21AE7C9000CF6D9D /* CodeView.swift */,
				EC0BA14D21AE7D3900CF6D9D /* eConsentViewController.swift */,
				EC0BA14F21AE95B400CF6D9D /* ClinicalStudentsViewController.swift */,
				EC0C2F9821B0DF1C00D71C06 /* FoodRecommendationViewController.swift */,
			);
			path = QRcodePractice_3;
			sourceTree = "<group>";
		};
		EC0871D421AD1190001563AF /* Supporting File */ = {
			isa = PBXGroup;
			children = (
				EC0871C821AD1142001563AF /* Assets.xcassets */,
				EC0871C121AD1141001563AF /* AppDelegate.swift */,
				EC0871CA21AD1142001563AF /* LaunchScreen.storyboard */,
			);
			path = "Supporting File";
			sourceTree = "<group>";
		};
		EC0C2F9721B0D17A00D71C06 /* View */ = {
			isa = PBXGroup;
			children = (
				EC0C2F9A21B0EC4600D71C06 /* QRcodePractice_3-Bridging-Header.h */,
				EC0C2F9321AF829000D71C06 /* CumstomItemCell.swift */,
				EC0C2F9C21B0EC4700D71C06 /* ZMProgressView.h */,
				EC0C2F9B21B0EC4700D71C06 /* ZMProgressView.m */,
			);
			path = View;
			sourceTree = "<group>";
		};
		ECFFA25E21AD1A4300858740 /* Model */ = {
			isa = PBXGroup;
			children = (
				ECFFA26121AD1B6700858740 /* QRScannerController.swift */,
			);
			path = Model;
			sourceTree = "<group>";
		};
/* End PBXGroup section */

/* Begin PBXNativeTarget section */
		EC0871BD21AD1141001563AF /* QRcodePractice_3 */ = {
			isa = PBXNativeTarget;
			buildConfigurationList = EC0871D021AD1142001563AF /* Build configuration list for PBXNativeTarget "QRcodePractice_3" */;
			buildPhases = (
				EC0871BA21AD1141001563AF /* Sources */,
				EC0871BB21AD1141001563AF /* Frameworks */,
				EC0871BC21AD1141001563AF /* Resources */,
			);
			buildRules = (
			);
			dependencies = (
			);
			name = QRcodePractice_3;
			productName = QRcodePractice_3;
			productReference = EC0871BE21AD1141001563AF /* QRcodePractice_3.app */;
			productType = "com.apple.product-type.application";
		};
/* End PBXNativeTarget section */

/* Begin PBXProject section */
		EC0871B621AD1141001563AF /* Project object */ = {
			isa = PBXProject;
			attributes = {
				LastSwiftUpdateCheck = 1010;
				LastUpgradeCheck = 1010;
				ORGANIZATIONNAME = macong;
				TargetAttributes = {
					EC0871BD21AD1141001563AF = {
						CreatedOnToolsVersion = 10.1;
						LastSwiftMigration = 1010;
					};
				};
			};
			buildConfigurationList = EC0871B921AD1141001563AF /* Build configuration list for PBXProject "QRcodePractice_3" */;
			compatibilityVersion = "Xcode 9.3";
			developmentRegion = en;
			hasScannedForEncodings = 0;
			knownRegions = (
				en,
				Base,
			);
			mainGroup = EC0871B521AD1141001563AF;
			productRefGroup = EC0871BF21AD1141001563AF /* Products */;
			projectDirPath = "";
			projectRoot = "";
			targets = (
				EC0871BD21AD1141001563AF /* QRcodePractice_3 */,
			);
		};
/* End PBXProject section */

/* Begin PBXResourcesBuildPhase section */
		EC0871BC21AD1141001563AF /* Resources */ = {
			isa = PBXResourcesBuildPhase;
			buildActionMask = 2147483647;
			files = (
				EC0871CC21AD1142001563AF /* LaunchScreen.storyboard in Resources */,
				EC0871C921AD1142001563AF /* Assets.xcassets in Resources */,
				EC0871C721AD1141001563AF /* Main.storyboard in Resources */,
			);
			runOnlyForDeploymentPostprocessing = 0;
		};
/* End PBXResourcesBuildPhase section */

/* Begin PBXSourcesBuildPhase section */
		EC0871BA21AD1141001563AF /* Sources */ = {
			isa = PBXSourcesBuildPhase;
			buildActionMask = 2147483647;
			files = (
				EC0BA14E21AE7D3900CF6D9D /* eConsentViewController.swift in Sources */,
				EC0BA14A21AE7C5C00CF6D9D /* AsunBasicAttributes.swift in Sources */,
				EC0BA14821AE37FF00CF6D9D /* LearnMoreViewController.swift in Sources */,
				ECFFA26421AD212500858740 /* ScanResultViewController.swift in Sources */,
				EC0C2F9D21B0EC4700D71C06 /* ZMProgressView.m in Sources */,
				EC0BA14C21AE7C9000CF6D9D /* CodeView.swift in Sources */,
				EC0C2F9921B0DF1C00D71C06 /* FoodRecommendationViewController.swift in Sources */,
				EC0871C221AD1141001563AF /* AppDelegate.swift in Sources */,
				ECFFA26221AD1B6700858740 /* QRScannerController.swift in Sources */,
				EC0C2F9421AF829000D71C06 /* CumstomItemCell.swift in Sources */,
				EC0BA15021AE95B400CF6D9D /* ClinicalStudentsViewController.swift in Sources */,
			);
			runOnlyForDeploymentPostprocessing = 0;
		};
/* End PBXSourcesBuildPhase section */

/* Begin PBXVariantGroup section */
		EC0871C521AD1141001563AF /* Main.storyboard */ = {
			isa = PBXVariantGroup;
			children = (
				EC0871C621AD1141001563AF /* Base */,
			);
			name = Main.storyboard;
			sourceTree = "<group>";
		};
		EC0871CA21AD1142001563AF /* LaunchScreen.storyboard */ = {
			isa = PBXVariantGroup;
			children = (
				EC0871CB21AD1142001563AF /* Base */,
			);
			name = LaunchScreen.storyboard;
			sourceTree = "<group>";
		};
/* End PBXVariantGroup section */

/* Begin XCBuildConfiguration section */
		EC0871CE21AD1142001563AF /* Debug */ = {
			isa = XCBuildConfiguration;
			buildSettings = {
				ALWAYS_SEARCH_USER_PATHS = NO;
				CLANG_ANALYZER_NONNULL = YES;
				CLANG_ANALYZER_NUMBER_OBJECT_CONVERSION = YES_AGGRESSIVE;
				CLANG_CXX_LANGUAGE_STANDARD = "gnu++14";
				CLANG_CXX_LIBRARY = "libc++";
				CLANG_ENABLE_MODULES = YES;
				CLANG_ENABLE_OBJC_ARC = YES;
				CLANG_ENABLE_OBJC_WEAK = YES;
				CLANG_WARN_BLOCK_CAPTURE_AUTORELEASING = YES;
				CLANG_WARN_BOOL_CONVERSION = YES;
				CLANG_WARN_COMMA = YES;
				CLANG_WARN_CONSTANT_CONVERSION = YES;
				CLANG_WARN_DEPRECATED_OBJC_IMPLEMENTATIONS = YES;
				CLANG_WARN_DIRECT_OBJC_ISA_USAGE = YES_ERROR;
				CLANG_WARN_DOCUMENTATION_COMMENTS = YES;
				CLANG_WARN_EMPTY_BODY = YES;
				CLANG_WARN_ENUM_CONVERSION = YES;
				CLANG_WARN_INFINITE_RECURSION = YES;
				CLANG_WARN_INT_CONVERSION = YES;
				CLANG_WARN_NON_LITERAL_NULL_CONVERSION = YES;
				CLANG_WARN_OBJC_IMPLICIT_RETAIN_SELF = YES;
				CLANG_WARN_OBJC_LITERAL_CONVERSION = YES;
				CLANG_WARN_OBJC_ROOT_CLASS = YES_ERROR;
				CLANG_WARN_RANGE_LOOP_ANALYSIS = YES;
				CLANG_WARN_STRICT_PROTOTYPES = YES;
				CLANG_WARN_SUSPICIOUS_MOVE = YES;
				CLANG_WARN_UNGUARDED_AVAILABILITY = YES_AGGRESSIVE;
				CLANG_WARN_UNREACHABLE_CODE = YES;
				CLANG_WARN__DUPLICATE_METHOD_MATCH = YES;
				CODE_SIGN_IDENTITY = "iPhone Developer";
				COPY_PHASE_STRIP = NO;
				DEBUG_INFORMATION_FORMAT = dwarf;
				ENABLE_STRICT_OBJC_MSGSEND = YES;
				ENABLE_TESTABILITY = YES;
				GCC_C_LANGUAGE_STANDARD = gnu11;
				GCC_DYNAMIC_NO_PIC = NO;
				GCC_NO_COMMON_BLOCKS = YES;
				GCC_OPTIMIZATION_LEVEL = 0;
				GCC_PREPROCESSOR_DEFINITIONS = (
					"DEBUG=1",
					"$(inherited)",
				);
				GCC_WARN_64_TO_32_BIT_CONVERSION = YES;
				GCC_WARN_ABOUT_RETURN_TYPE = YES_ERROR;
				GCC_WARN_UNDECLARED_SELECTOR = YES;
				GCC_WARN_UNINITIALIZED_AUTOS = YES_AGGRESSIVE;
				GCC_WARN_UNUSED_FUNCTION = YES;
				GCC_WARN_UNUSED_VARIABLE = YES;
				IPHONEOS_DEPLOYMENT_TARGET = 12.1;
				MTL_ENABLE_DEBUG_INFO = INCLUDE_SOURCE;
				MTL_FAST_MATH = YES;
				ONLY_ACTIVE_ARCH = YES;
				SDKROOT = iphoneos;
				SWIFT_ACTIVE_COMPILATION_CONDITIONS = DEBUG;
				SWIFT_OPTIMIZATION_LEVEL = "-Onone";
			};
			name = Debug;
		};
		EC0871CF21AD1142001563AF /* Release */ = {
			isa = XCBuildConfiguration;
			buildSettings = {
				ALWAYS_SEARCH_USER_PATHS = NO;
				CLANG_ANALYZER_NONNULL = YES;
				CLANG_ANALYZER_NUMBER_OBJECT_CONVERSION = YES_AGGRESSIVE;
				CLANG_CXX_LANGUAGE_STANDARD = "gnu++14";
				CLANG_CXX_LIBRARY = "libc++";
				CLANG_ENABLE_MODULES = YES;
				CLANG_ENABLE_OBJC_ARC = YES;
				CLANG_ENABLE_OBJC_WEAK = YES;
				CLANG_WARN_BLOCK_CAPTURE_AUTORELEASING = YES;
				CLANG_WARN_BOOL_CONVERSION = YES;
				CLANG_WARN_COMMA = YES;
				CLANG_WARN_CONSTANT_CONVERSION = YES;
				CLANG_WARN_DEPRECATED_OBJC_IMPLEMENTATIONS = YES;
				CLANG_WARN_DIRECT_OBJC_ISA_USAGE = YES_ERROR;
				CLANG_WARN_DOCUMENTATION_COMMENTS = YES;
				CLANG_WARN_EMPTY_BODY = YES;
				CLANG_WARN_ENUM_CONVERSION = YES;
				CLANG_WARN_INFINITE_RECURSION = YES;
				CLANG_WARN_INT_CONVERSION = YES;
				CLANG_WARN_NON_LITERAL_NULL_CONVERSION = YES;
				CLANG_WARN_OBJC_IMPLICIT_RETAIN_SELF = YES;
				CLANG_WARN_OBJC_LITERAL_CONVERSION = YES;
				CLANG_WARN_OBJC_ROOT_CLASS = YES_ERROR;
				CLANG_WARN_RANGE_LOOP_ANALYSIS = YES;
				CLANG_WARN_STRICT_PROTOTYPES = YES;
				CLANG_WARN_SUSPICIOUS_MOVE = YES;
				CLANG_WARN_UNGUARDED_AVAILABILITY = YES_AGGRESSIVE;
				CLANG_WARN_UNREACHABLE_CODE = YES;
				CLANG_WARN__DUPLICATE_METHOD_MATCH = YES;
				CODE_SIGN_IDENTITY = "iPhone Developer";
				COPY_PHASE_STRIP = NO;
				DEBUG_INFORMATION_FORMAT = "dwarf-with-dsym";
				ENABLE_NS_ASSERTIONS = NO;
				ENABLE_STRICT_OBJC_MSGSEND = YES;
				GCC_C_LANGUAGE_STANDARD = gnu11;
				GCC_NO_COMMON_BLOCKS = YES;
				GCC_WARN_64_TO_32_BIT_CONVERSION = YES;
				GCC_WARN_ABOUT_RETURN_TYPE = YES_ERROR;
				GCC_WARN_UNDECLARED_SELECTOR = YES;
				GCC_WARN_UNINITIALIZED_AUTOS = YES_AGGRESSIVE;
				GCC_WARN_UNUSED_FUNCTION = YES;
				GCC_WARN_UNUSED_VARIABLE = YES;
				IPHONEOS_DEPLOYMENT_TARGET = 12.1;
				MTL_ENABLE_DEBUG_INFO = NO;
				MTL_FAST_MATH = YES;
				SDKROOT = iphoneos;
				SWIFT_COMPILATION_MODE = wholemodule;
				SWIFT_OPTIMIZATION_LEVEL = "-O";
				VALIDATE_PRODUCT = YES;
			};
			name = Release;
		};
		EC0871D121AD1142001563AF /* Debug */ = {
			isa = XCBuildConfiguration;
			buildSettings = {
				ASSETCATALOG_COMPILER_APPICON_NAME = AppIcon;
				CLANG_ENABLE_MODULES = YES;
				CODE_SIGN_STYLE = Automatic;
				INFOPLIST_FILE = QRcodePractice_3/Info.plist;
				LD_RUNPATH_SEARCH_PATHS = (
					"$(inherited)",
					"@executable_path/Frameworks",
				);
				PRODUCT_BUNDLE_IDENTIFIER = "macong.QRcodePractice-3";
				PRODUCT_NAME = "$(TARGET_NAME)";
				SWIFT_OBJC_BRIDGING_HEADER = "View/QRcodePractice_3-Bridging-Header.h";
				SWIFT_OPTIMIZATION_LEVEL = "-Onone";
				SWIFT_VERSION = 4.2;
				TARGETED_DEVICE_FAMILY = "1,2";
			};
			name = Debug;
		};
		EC0871D221AD1142001563AF /* Release */ = {
			isa = XCBuildConfiguration;
			buildSettings = {
				ASSETCATALOG_COMPILER_APPICON_NAME = AppIcon;
				CLANG_ENABLE_MODULES = YES;
				CODE_SIGN_STYLE = Automatic;
				INFOPLIST_FILE = QRcodePractice_3/Info.plist;
				LD_RUNPATH_SEARCH_PATHS = (
					"$(inherited)",
					"@executable_path/Frameworks",
				);
				PRODUCT_BUNDLE_IDENTIFIER = "macong.QRcodePractice-3";
				PRODUCT_NAME = "$(TARGET_NAME)";
				SWIFT_OBJC_BRIDGING_HEADER = "View/QRcodePractice_3-Bridging-Header.h";
				SWIFT_VERSION = 4.2;
				TARGETED_DEVICE_FAMILY = "1,2";
			};
			name = Release;
		};
/* End XCBuildConfiguration section */

/* Begin XCConfigurationList section */
		EC0871B921AD1141001563AF /* Build configuration list for PBXProject "QRcodePractice_3" */ = {
			isa = XCConfigurationList;
			buildConfigurations = (
				EC0871CE21AD1142001563AF /* Debug */,
				EC0871CF21AD1142001563AF /* Release */,
			);
			defaultConfigurationIsVisible = 0;
			defaultConfigurationName = Release;
		};
		EC0871D021AD1142001563AF /* Build configuration list for PBXNativeTarget "QRcodePractice_3" */ = {
			isa = XCConfigurationList;
			buildConfigurations = (
				EC0871D121AD1142001563AF /* Debug */,
				EC0871D221AD1142001563AF /* Release */,
			);
			defaultConfigurationIsVisible = 0;
			defaultConfigurationName = Release;
		};
/* End XCConfigurationList section */
	};
	rootObject = EC0871B621AD1141001563AF /* Project object */;
}
